
Microsoft Visual Studio Solution File, Format Version 12.00
# Visual Studio Version 17
VisualStudioVersion = 17.14.36518.9 d17.14
MinimumVisualStudioVersion = 10.0.40219.1
Project("{FAE04EC0-301F-11D3-BF4B-00C04F79EFBC}") = "forcasting", "forcasting.csproj", "{38133C66-6E1E-4CCE-B4A4-2EF5F1A5AEB5}"
EndProject
Project("{FAE04EC0-301F-11D3-BF4B-00C04F79EFBC}") = "MLModel1_WebApi1", "..\MLModel1_WebApi1\MLModel1_WebApi1.csproj", "{D84173E4-5EB4-CDCE-B482-EEDF94E5B455}"
EndProject
Project("{FAE04EC0-301F-11D3-BF4B-00C04F79EFBC}") = "MLModel1_ConsoleApp1", "..\MLModel1_ConsoleApp1\MLModel1_ConsoleApp1.csproj", "{A617012C-8E3D-586B-ED4C-D187D8C3AC1D}"
EndProject
Global
	GlobalSection(SolutionConfigurationPlatforms) = preSolution
		Debug|Any CPU = Debug|Any CPU
		Release|Any CPU = Release|Any CPU
	EndGlobalSection
	GlobalSection(ProjectConfigurationPlatforms) = postSolution
		{38133C66-6E1E-4CCE-B4A4-2EF5F1A5AEB5}.Debug|Any CPU.ActiveCfg = Debug|Any CPU
		{38133C66-6E1E-4CCE-B4A4-2EF5F1A5AEB5}.Debug|Any CPU.Build.0 = Debug|Any CPU
		{38133C66-6E1E-4CCE-B4A4-2EF5F1A5AEB5}.Release|Any CPU.ActiveCfg = Release|Any CPU
		{38133C66-6E1E-4CCE-B4A4-2EF5F1A5AEB5}.Release|Any CPU.Build.0 = Release|Any CPU
		{D84173E4-5EB4-CDCE-B482-EEDF94E5B455}.Debug|Any CPU.ActiveCfg = Debug|Any CPU
		{D84173E4-5EB4-CDCE-B482-EEDF94E5B455}.Debug|Any CPU.Build.0 = Debug|Any CPU
		{D84173E4-5EB4-CDCE-B482-EEDF94E5B455}.Release|Any CPU.ActiveCfg = Release|Any CPU
		{D84173E4-5EB4-CDCE-B482-EEDF94E5B455}.Release|Any CPU.Build.0 = Release|Any CPU
		{A617012C-8E3D-586B-ED4C-D187D8C3AC1D}.Debug|Any CPU.ActiveCfg = Debug|Any CPU
		{A617012C-8E3D-586B-ED4C-D187D8C3AC1D}.Debug|Any CPU.Build.0 = Debug|Any CPU
		{A617012C-8E3D-586B-ED4C-D187D8C3AC1D}.Release|Any CPU.ActiveCfg = Release|Any CPU
		{A617012C-8E3D-586B-ED4C-D187D8C3AC1D}.Release|Any CPU.Build.0 = Release|Any CPU
	EndGlobalSection
	GlobalSection(SolutionProperties) = preSolution
		HideSolutionNode = FALSE
	EndGlobalSection
	GlobalSection(ExtensibilityGlobals) = postSolution
		SolutionGuid = {544E3C00-5883-4096-AEA1-8A7926A289D8}
	EndGlobalSection
EndGlobal
